
Microsoft Visual Studio Solution File, Format Version 12.00
# Visual Studio Version 17
VisualStudioVersion = 17.6.33723.286
MinimumVisualStudioVersion = 10.0.40219.1
Project("{9A19103F-16F7-4668-BE54-9A1E7A4F7556}") = "TUTOR_NET101_SU23_B1", "TUTOR_NET101_SU23\TUTOR_NET101_SU23_B1.csproj", "{0967AF5D-BBC1-4A85-B72E-FD5DA5682FC9}"
EndProject
Project("{FAE04EC0-301F-11D3-BF4B-00C04F79EFBC}") = "TUTOR_NET101_SU23_B2", "TUTOR_NET101_SU23_B2\TUTOR_NET101_SU23_B2.csproj", "{C0068E07-6A93-4AFB-A7DC-E39701EC203D}"
EndProject
Global
	GlobalSection(SolutionConfigurationPlatforms) = preSolution
		Debug|Any CPU = Debug|Any CPU
		Release|Any CPU = Release|Any CPU
	EndGlobalSection
	GlobalSection(ProjectConfigurationPlatforms) = postSolution
		{0967AF5D-BBC1-4A85-B72E-FD5DA5682FC9}.Debug|Any CPU.ActiveCfg = Debug|Any CPU
		{0967AF5D-BBC1-4A85-B72E-FD5DA5682FC9}.Debug|Any CPU.Build.0 = Debug|Any CPU
		{0967AF5D-BBC1-4A85-B72E-FD5DA5682FC9}.Release|Any CPU.ActiveCfg = Release|Any CPU
		{0967AF5D-BBC1-4A85-B72E-FD5DA5682FC9}.Release|Any CPU.Build.0 = Release|Any CPU
		{C0068E07-6A93-4AFB-A7DC-E39701EC203D}.Debug|Any CPU.ActiveCfg = Debug|Any CPU
		{C0068E07-6A93-4AFB-A7DC-E39701EC203D}.Debug|Any CPU.Build.0 = Debug|Any CPU
		{C0068E07-6A93-4AFB-A7DC-E39701EC203D}.Release|Any CPU.ActiveCfg = Release|Any CPU
		{C0068E07-6A93-4AFB-A7DC-E39701EC203D}.Release|Any CPU.Build.0 = Release|Any CPU
	EndGlobalSection
	GlobalSection(SolutionProperties) = preSolution
		HideSolutionNode = FALSE
	EndGlobalSection
	GlobalSection(ExtensibilityGlobals) = postSolution
		SolutionGuid = {84FEE41E-8182-47C4-8CB9-EEF6DC4C340F}
	EndGlobalSection
EndGlobal
